{
  "object": {
    "pins": [
      {
        "package": "PromiseKit",
        "repositoryURL": "https://github.com/mxcl/PromiseKit.git",
        "state": {
          "branch": null,
          "revision": "f6b15b7626a4399864ffa1d5ec2ed9cf0cea5556",
          "version": "6.13.2"
        }
      }
    ]
  },
  "version": 1
}
