// !$*UTF8*$!
{
	archiveVersion = 1;
	classes = {
	};
	objectVersion = 46;
	objects = {

/* Begin PBXBuildFile section */
		512F84651A90106A0022A597 /* AppDelegate.swift in Sources */ = {isa = PBXBuildFile; fileRef = 512F84641A90106A0022A597 /* AppDelegate.swift */; };
		512F84671A90106A0022A597 /* FindAutoQueryServiceViewController.swift in Sources */ = {isa = PBXBuildFile; fileRef = 512F84661A90106A0022A597 /* FindAutoQueryServiceViewController.swift */; };
		512F846A1A90106A0022A597 /* Main.storyboard in Resources */ = {isa = PBXBuildFile; fileRef = 512F84681A90106A0022A597 /* Main.storyboard */; };
		512F846C1A90106A0022A597 /* Images.xcassets in Resources */ = {isa = PBXBuildFile; fileRef = 512F846B1A90106A0022A597 /* Images.xcassets */; };
		512F846F1A90106A0022A597 /* LaunchScreen.xib in Resources */ = {isa = PBXBuildFile; fileRef = 512F846D1A90106A0022A597 /* LaunchScreen.xib */; };
		512F847B1A90106A0022A597 /* AutoQueryViewerTests.swift in Sources */ = {isa = PBXBuildFile; fileRef = 512F847A1A90106A0022A597 /* AutoQueryViewerTests.swift */; };
		512F84BA1A9010F30022A597 /* MDSpreadView.m in Sources */ = {isa = PBXBuildFile; fileRef = 512F84871A9010F30022A597 /* MDSpreadView.m */; };
		512F84BB1A9010F30022A597 /* MDSpreadViewCell.m in Sources */ = {isa = PBXBuildFile; fileRef = 512F84891A9010F30022A597 /* MDSpreadViewCell.m */; };
		512F84BC1A9010F30022A597 /* MDSpreadViewCellBackground.m in Sources */ = {isa = PBXBuildFile; fileRef = 512F848B1A9010F30022A597 /* MDSpreadViewCellBackground.m */; };
		512F84BD1A9010F30022A597 /* MDSpreadViewCellColumnHeaderBackground.m in Sources */ = {isa = PBXBuildFile; fileRef = 512F848D1A9010F30022A597 /* MDSpreadViewCellColumnHeaderBackground.m */; };
		512F84BE1A9010F30022A597 /* MDSpreadViewCellCornerHeaderBackground.m in Sources */ = {isa = PBXBuildFile; fileRef = 512F848F1A9010F30022A597 /* MDSpreadViewCellCornerHeaderBackground.m */; };
		512F84BF1A9010F30022A597 /* MDSpreadViewCellRowHeaderBackground.m in Sources */ = {isa = PBXBuildFile; fileRef = 512F84911A9010F30022A597 /* MDSpreadViewCellRowHeaderBackground.m */; };
		512F84C01A9010F30022A597 /* MDSpreadViewHeaderCell.m in Sources */ = {isa = PBXBuildFile; fileRef = 512F84941A9010F30022A597 /* MDSpreadViewHeaderCell.m */; };
		512F84C11A9010F30022A597 /* MDSpreadViewCell.png in Resources */ = {isa = PBXBuildFile; fileRef = 512F84961A9010F30022A597 /* MDSpreadViewCell.png */; };
		512F84C21A9010F30022A597 /* MDSpreadViewCell@2x.png in Resources */ = {isa = PBXBuildFile; fileRef = 512F84971A9010F30022A597 /* MDSpreadViewCell@2x.png */; };
		512F84C31A9010F30022A597 /* MDSpreadViewCellSelected.png in Resources */ = {isa = PBXBuildFile; fileRef = 512F84981A9010F30022A597 /* MDSpreadViewCellSelected.png */; };
		512F84C41A9010F30022A597 /* MDSpreadViewCellSelected@2x.png in Resources */ = {isa = PBXBuildFile; fileRef = 512F84991A9010F30022A597 /* MDSpreadViewCellSelected@2x.png */; };
		512F84C51A9010F30022A597 /* MDSpreadViewColumnHeaderLeft.png in Resources */ = {isa = PBXBuildFile; fileRef = 512F849A1A9010F30022A597 /* MDSpreadViewColumnHeaderLeft.png */; };
		512F84C61A9010F30022A597 /* MDSpreadViewColumnHeaderLeft@2x.png in Resources */ = {isa = PBXBuildFile; fileRef = 512F849B1A9010F30022A597 /* MDSpreadViewColumnHeaderLeft@2x.png */; };
		512F84C71A9010F30022A597 /* MDSpreadViewColumnHeaderLeftSelected.png in Resources */ = {isa = PBXBuildFile; fileRef = 512F849C1A9010F30022A597 /* MDSpreadViewColumnHeaderLeftSelected.png */; };
		512F84C81A9010F30022A597 /* MDSpreadViewColumnHeaderLeftSelected@2x.png in Resources */ = {isa = PBXBuildFile; fileRef = 512F849D1A9010F30022A597 /* MDSpreadViewColumnHeaderLeftSelected@2x.png */; };
		512F84C91A9010F30022A597 /* MDSpreadViewColumnHeaderRight.png in Resources */ = {isa = PBXBuildFile; fileRef = 512F849E1A9010F30022A597 /* MDSpreadViewColumnHeaderRight.png */; };
		512F84CA1A9010F30022A597 /* MDSpreadViewColumnHeaderRight@2x.png in Resources */ = {isa = PBXBuildFile; fileRef = 512F849F1A9010F30022A597 /* MDSpreadViewColumnHeaderRight@2x.png */; };
		512F84CB1A9010F30022A597 /* MDSpreadViewColumnHeaderRightSelected.png in Resources */ = {isa = PBXBuildFile; fileRef = 512F84A01A9010F30022A597 /* MDSpreadViewColumnHeaderRightSelected.png */; };
		512F84CC1A9010F30022A597 /* MDSpreadViewColumnHeaderRightSelected@2x.png in Resources */ = {isa = PBXBuildFile; fileRef = 512F84A11A9010F30022A597 /* MDSpreadViewColumnHeaderRightSelected@2x.png */; };
		512F84CD1A9010F30022A597 /* MDSpreadViewCornerBottomLeft.png in Resources */ = {isa = PBXBuildFile; fileRef = 512F84A21A9010F30022A597 /* MDSpreadViewCornerBottomLeft.png */; };
		512F84CE1A9010F30022A597 /* MDSpreadViewCornerBottomLeft@2x.png in Resources */ = {isa = PBXBuildFile; fileRef = 512F84A31A9010F30022A597 /* MDSpreadViewCornerBottomLeft@2x.png */; };
		512F84CF1A9010F30022A597 /* MDSpreadViewCornerBottomLeftSelected.png in Resources */ = {isa = PBXBuildFile; fileRef = 512F84A41A9010F30022A597 /* MDSpreadViewCornerBottomLeftSelected.png */; };
		512F84D01A9010F30022A597 /* MDSpreadViewCornerBottomLeftSelected@2x.png in Resources */ = {isa = PBXBuildFile; fileRef = 512F84A51A9010F30022A597 /* MDSpreadViewCornerBottomLeftSelected@2x.png */; };
		512F84D11A9010F30022A597 /* MDSpreadViewCornerBottomRight.png in Resources */ = {isa = PBXBuildFile; fileRef = 512F84A61A9010F30022A597 /* MDSpreadViewCornerBottomRight.png */; };
		512F84D21A9010F30022A597 /* MDSpreadViewCornerBottomRight@2x.png in Resources */ = {isa = PBXBuildFile; fileRef = 512F84A71A9010F30022A597 /* MDSpreadViewCornerBottomRight@2x.png */; };
		512F84D31A9010F30022A597 /* MDSpreadViewCornerBottomRightSelected.png in Resources */ = {isa = PBXBuildFile; fileRef = 512F84A81A9010F30022A597 /* MDSpreadViewCornerBottomRightSelected.png */; };
		512F84D41A9010F30022A597 /* MDSpreadViewCornerBottomRightSelected@2x.png in Resources */ = {isa = PBXBuildFile; fileRef = 512F84A91A9010F30022A597 /* MDSpreadViewCornerBottomRightSelected@2x.png */; };
		512F84D51A9010F30022A597 /* MDSpreadViewCornerTopLeft.png in Resources */ = {isa = PBXBuildFile; fileRef = 512F84AA1A9010F30022A597 /* MDSpreadViewCornerTopLeft.png */; };
		512F84D61A9010F30022A597 /* MDSpreadViewCornerTopLeft@2x.png in Resources */ = {isa = PBXBuildFile; fileRef = 512F84AB1A9010F30022A597 /* MDSpreadViewCornerTopLeft@2x.png */; };
		512F84D71A9010F30022A597 /* MDSpreadViewCornerTopLeftSelected.png in Resources */ = {isa = PBXBuildFile; fileRef = 512F84AC1A9010F30022A597 /* MDSpreadViewCornerTopLeftSelected.png */; };
		512F84D81A9010F30022A597 /* MDSpreadViewCornerTopLeftSelected@2x.png in Resources */ = {isa = PBXBuildFile; fileRef = 512F84AD1A9010F30022A597 /* MDSpreadViewCornerTopLeftSelected@2x.png */; };
		512F84D91A9010F30022A597 /* MDSpreadViewCornerTopRight.png in Resources */ = {isa = PBXBuildFile; fileRef = 512F84AE1A9010F30022A597 /* MDSpreadViewCornerTopRight.png */; };
		512F84DA1A9010F30022A597 /* MDSpreadViewCornerTopRight@2x.png in Resources */ = {isa = PBXBuildFile; fileRef = 512F84AF1A9010F30022A597 /* MDSpreadViewCornerTopRight@2x.png */; };
		512F84DB1A9010F30022A597 /* MDSpreadViewCornerTopRightSelected.png in Resources */ = {isa = PBXBuildFile; fileRef = 512F84B01A9010F30022A597 /* MDSpreadViewCornerTopRightSelected.png */; };
		512F84DC1A9010F30022A597 /* MDSpreadViewCornerTopRightSelected@2x.png in Resources */ = {isa = PBXBuildFile; fileRef = 512F84B11A9010F30022A597 /* MDSpreadViewCornerTopRightSelected@2x.png */; };
		512F84DD1A9010F30022A597 /* MDSpreadViewRowHeaderBottom.png in Resources */ = {isa = PBXBuildFile; fileRef = 512F84B21A9010F30022A597 /* MDSpreadViewRowHeaderBottom.png */; };
		512F84DE1A9010F30022A597 /* MDSpreadViewRowHeaderBottom@2x.png in Resources */ = {isa = PBXBuildFile; fileRef = 512F84B31A9010F30022A597 /* MDSpreadViewRowHeaderBottom@2x.png */; };
		512F84DF1A9010F30022A597 /* MDSpreadViewRowHeaderBottomSelected.png in Resources */ = {isa = PBXBuildFile; fileRef = 512F84B41A9010F30022A597 /* MDSpreadViewRowHeaderBottomSelected.png */; };
		512F84E01A9010F30022A597 /* MDSpreadViewRowHeaderBottomSelected@2x.png in Resources */ = {isa = PBXBuildFile; fileRef = 512F84B51A9010F30022A597 /* MDSpreadViewRowHeaderBottomSelected@2x.png */; };
		512F84E11A9010F30022A597 /* MDSpreadViewRowHeaderTop.png in Resources */ = {isa = PBXBuildFile; fileRef = 512F84B61A9010F30022A597 /* MDSpreadViewRowHeaderTop.png */; };
		512F84E21A9010F30022A597 /* MDSpreadViewRowHeaderTop@2x.png in Resources */ = {isa = PBXBuildFile; fileRef = 512F84B71A9010F30022A597 /* MDSpreadViewRowHeaderTop@2x.png */; };
		512F84E31A9010F30022A597 /* MDSpreadViewRowHeaderTopSelected.png in Resources */ = {isa = PBXBuildFile; fileRef = 512F84B81A9010F30022A597 /* MDSpreadViewRowHeaderTopSelected.png */; };
		512F84E41A9010F30022A597 /* MDSpreadViewRowHeaderTopSelected@2x.png in Resources */ = {isa = PBXBuildFile; fileRef = 512F84B91A9010F30022A597 /* MDSpreadViewRowHeaderTopSelected@2x.png */; };
		517F9FD41A907EAE009B76C8 /* JsonServiceClient.swift in Sources */ = {isa = PBXBuildFile; fileRef = 517F9FD31A907EAE009B76C8 /* JsonServiceClient.swift */; };
		517F9FD81A910379009B76C8 /* ExampleMDSpreadViewController.swift in Sources */ = {isa = PBXBuildFile; fileRef = 517F9FD71A910379009B76C8 /* ExampleMDSpreadViewController.swift */; };
		517F9FDA1A9111D4009B76C8 /* MetadataTypes.swift in Sources */ = {isa = PBXBuildFile; fileRef = 517F9FD91A9111D4009B76C8 /* MetadataTypes.swift */; };
		517F9FDC1A9121DC009B76C8 /* AppExtensions.swift in Sources */ = {isa = PBXBuildFile; fileRef = 517F9FDB1A9121DC009B76C8 /* AppExtensions.swift */; };
		517F9FDE1A9130AE009B76C8 /* AutoQueryViewController.swift in Sources */ = {isa = PBXBuildFile; fileRef = 517F9FDD1A9130AE009B76C8 /* AutoQueryViewController.swift */; };
		51E71CB21A928A4700B4BFDA /* AppData.swift in Sources */ = {isa = PBXBuildFile; fileRef = 51E71CB11A928A4700B4BFDA /* AppData.swift */; };
		51E71CB41A9361E200B4BFDA /* AutoQueryServiceViewController.swift in Sources */ = {isa = PBXBuildFile; fileRef = 51E71CB31A9361E200B4BFDA /* AutoQueryServiceViewController.swift */; };
/* End PBXBuildFile section */

/* Begin PBXContainerItemProxy section */
		512F84751A90106A0022A597 /* PBXContainerItemProxy */ = {
			isa = PBXContainerItemProxy;
			containerPortal = 512F84571A90106A0022A597 /* Project object */;
			proxyType = 1;
			remoteGlobalIDString = 512F845E1A90106A0022A597;
			remoteInfo = AutoQueryViewer;
		};
/* End PBXContainerItemProxy section */

/* Begin PBXFileReference section */
		512F845F1A90106A0022A597 /* AutoQueryViewer.app */ = {isa = PBXFileReference; explicitFileType = wrapper.application; includeInIndex = 0; path = AutoQueryViewer.app; sourceTree = BUILT_PRODUCTS_DIR; };
		512F84631A90106A0022A597 /* Info.plist */ = {isa = PBXFileReference; lastKnownFileType = text.plist.xml; path = Info.plist; sourceTree = "<group>"; };
		512F84641A90106A0022A597 /* AppDelegate.swift */ = {isa = PBXFileReference; lastKnownFileType = sourcecode.swift; path = AppDelegate.swift; sourceTree = "<group>"; };
		512F84661A90106A0022A597 /* FindAutoQueryServiceViewController.swift */ = {isa = PBXFileReference; lastKnownFileType = sourcecode.swift; path = FindAutoQueryServiceViewController.swift; sourceTree = "<group>"; };
		512F84691A90106A0022A597 /* Base */ = {isa = PBXFileReference; lastKnownFileType = file.storyboard; name = Base; path = Base.lproj/Main.storyboard; sourceTree = "<group>"; };
		512F846B1A90106A0022A597 /* Images.xcassets */ = {isa = PBXFileReference; lastKnownFileType = folder.assetcatalog; path = Images.xcassets; sourceTree = "<group>"; };
		512F846E1A90106A0022A597 /* Base */ = {isa = PBXFileReference; lastKnownFileType = file.xib; name = Base; path = Base.lproj/LaunchScreen.xib; sourceTree = "<group>"; };
		512F84741A90106A0022A597 /* AutoQueryViewerTests.xctest */ = {isa = PBXFileReference; explicitFileType = wrapper.cfbundle; includeInIndex = 0; path = AutoQueryViewerTests.xctest; sourceTree = BUILT_PRODUCTS_DIR; };
		512F84791A90106A0022A597 /* Info.plist */ = {isa = PBXFileReference; lastKnownFileType = text.plist.xml; path = Info.plist; sourceTree = "<group>"; };
		512F847A1A90106A0022A597 /* AutoQueryViewerTests.swift */ = {isa = PBXFileReference; lastKnownFileType = sourcecode.swift; path = AutoQueryViewerTests.swift; sourceTree = "<group>"; };
		512F84861A9010F30022A597 /* MDSpreadView.h */ = {isa = PBXFileReference; fileEncoding = 4; lastKnownFileType = sourcecode.c.h; path = MDSpreadView.h; sourceTree = "<group>"; };
		512F84871A9010F30022A597 /* MDSpreadView.m */ = {isa = PBXFileReference; fileEncoding = 4; lastKnownFileType = sourcecode.c.objc; path = MDSpreadView.m; sourceTree = "<group>"; };
		512F84881A9010F30022A597 /* MDSpreadViewCell.h */ = {isa = PBXFileReference; fileEncoding = 4; lastKnownFileType = sourcecode.c.h; path = MDSpreadViewCell.h; sourceTree = "<group>"; };
		512F84891A9010F30022A597 /* MDSpreadViewCell.m */ = {isa = PBXFileReference; fileEncoding = 4; lastKnownFileType = sourcecode.c.objc; path = MDSpreadViewCell.m; sourceTree = "<group>"; };
		512F848A1A9010F30022A597 /* MDSpreadViewCellBackground.h */ = {isa = PBXFileReference; fileEncoding = 4; lastKnownFileType = sourcecode.c.h; path = MDSpreadViewCellBackground.h; sourceTree = "<group>"; };
		512F848B1A9010F30022A597 /* MDSpreadViewCellBackground.m */ = {isa = PBXFileReference; fileEncoding = 4; lastKnownFileType = sourcecode.c.objc; path = MDSpreadViewCellBackground.m; sourceTree = "<group>"; };
		512F848C1A9010F30022A597 /* MDSpreadViewCellColumnHeaderBackground.h */ = {isa = PBXFileReference; fileEncoding = 4; lastKnownFileType = sourcecode.c.h; path = MDSpreadViewCellColumnHeaderBackground.h; sourceTree = "<group>"; };
		512F848D1A9010F30022A597 /* MDSpreadViewCellColumnHeaderBackground.m */ = {isa = PBXFileReference; fileEncoding = 4; lastKnownFileType = sourcecode.c.objc; path = MDSpreadViewCellColumnHeaderBackground.m; sourceTree = "<group>"; };
		512F848E1A9010F30022A597 /* MDSpreadViewCellCornerHeaderBackground.h */ = {isa = PBXFileReference; fileEncoding = 4; lastKnownFileType = sourcecode.c.h; path = MDSpreadViewCellCornerHeaderBackground.h; sourceTree = "<group>"; };
		512F848F1A9010F30022A597 /* MDSpreadViewCellCornerHeaderBackground.m */ = {isa = PBXFileReference; fileEncoding = 4; lastKnownFileType = sourcecode.c.objc; path = MDSpreadViewCellCornerHeaderBackground.m; sourceTree = "<group>"; };
		512F84901A9010F30022A597 /* MDSpreadViewCellRowHeaderBackground.h */ = {isa = PBXFileReference; fileEncoding = 4; lastKnownFileType = sourcecode.c.h; path = MDSpreadViewCellRowHeaderBackground.h; sourceTree = "<group>"; };
		512F84911A9010F30022A597 /* MDSpreadViewCellRowHeaderBackground.m */ = {isa = PBXFileReference; fileEncoding = 4; lastKnownFileType = sourcecode.c.objc; path = MDSpreadViewCellRowHeaderBackground.m; sourceTree = "<group>"; };
		512F84921A9010F30022A597 /* MDSpreadViewClasses.h */ = {isa = PBXFileReference; fileEncoding = 4; lastKnownFileType = sourcecode.c.h; path = MDSpreadViewClasses.h; sourceTree = "<group>"; };
		512F84931A9010F30022A597 /* MDSpreadViewHeaderCell.h */ = {isa = PBXFileReference; fileEncoding = 4; lastKnownFileType = sourcecode.c.h; path = MDSpreadViewHeaderCell.h; sourceTree = "<group>"; };
		512F84941A9010F30022A597 /* MDSpreadViewHeaderCell.m */ = {isa = PBXFileReference; fileEncoding = 4; lastKnownFileType = sourcecode.c.objc; path = MDSpreadViewHeaderCell.m; sourceTree = "<group>"; };
		512F84961A9010F30022A597 /* MDSpreadViewCell.png */ = {isa = PBXFileReference; lastKnownFileType = image.png; path = MDSpreadViewCell.png; sourceTree = "<group>"; };
		512F84971A9010F30022A597 /* MDSpreadViewCell@2x.png */ = {isa = PBXFileReference; lastKnownFileType = image.png; path = "MDSpreadViewCell@2x.png"; sourceTree = "<group>"; };
		512F84981A9010F30022A597 /* MDSpreadViewCellSelected.png */ = {isa = PBXFileReference; lastKnownFileType = image.png; path = MDSpreadViewCellSelected.png; sourceTree = "<group>"; };
		512F84991A9010F30022A597 /* MDSpreadViewCellSelected@2x.png */ = {isa = PBXFileReference; lastKnownFileType = image.png; path = "MDSpreadViewCellSelected@2x.png"; sourceTree = "<group>"; };
		512F849A1A9010F30022A597 /* MDSpreadViewColumnHeaderLeft.png */ = {isa = PBXFileReference; lastKnownFileType = image.png; path = MDSpreadViewColumnHeaderLeft.png; sourceTree = "<group>"; };
		512F849B1A9010F30022A597 /* MDSpreadViewColumnHeaderLeft@2x.png */ = {isa = PBXFileReference; lastKnownFileType = image.png; path = "MDSpreadViewColumnHeaderLeft@2x.png"; sourceTree = "<group>"; };
		512F849C1A9010F30022A597 /* MDSpreadViewColumnHeaderLeftSelected.png */ = {isa = PBXFileReference; lastKnownFileType = image.png; path = MDSpreadViewColumnHeaderLeftSelected.png; sourceTree = "<group>"; };
		512F849D1A9010F30022A597 /* MDSpreadViewColumnHeaderLeftSelected@2x.png */ = {isa = PBXFileReference; lastKnownFileType = image.png; path = "MDSpreadViewColumnHeaderLeftSelected@2x.png"; sourceTree = "<group>"; };
		512F849E1A9010F30022A597 /* MDSpreadViewColumnHeaderRight.png */ = {isa = PBXFileReference; lastKnownFileType = image.png; path = MDSpreadViewColumnHeaderRight.png; sourceTree = "<group>"; };
		512F849F1A9010F30022A597 /* MDSpreadViewColumnHeaderRight@2x.png */ = {isa = PBXFileReference; lastKnownFileType = image.png; path = "MDSpreadViewColumnHeaderRight@2x.png"; sourceTree = "<group>"; };
		512F84A01A9010F30022A597 /* MDSpreadViewColumnHeaderRightSelected.png */ = {isa = PBXFileReference; lastKnownFileType = image.png; path = MDSpreadViewColumnHeaderRightSelected.png; sourceTree = "<group>"; };
		512F84A11A9010F30022A597 /* MDSpreadViewColumnHeaderRightSelected@2x.png */ = {isa = PBXFileReference; lastKnownFileType = image.png; path = "MDSpreadViewColumnHeaderRightSelected@2x.png"; sourceTree = "<group>"; };
		512F84A21A9010F30022A597 /* MDSpreadViewCornerBottomLeft.png */ = {isa = PBXFileReference; lastKnownFileType = image.png; path = MDSpreadViewCornerBottomLeft.png; sourceTree = "<group>"; };
		512F84A31A9010F30022A597 /* MDSpreadViewCornerBottomLeft@2x.png */ = {isa = PBXFileReference; lastKnownFileType = image.png; path = "MDSpreadViewCornerBottomLeft@2x.png"; sourceTree = "<group>"; };
		512F84A41A9010F30022A597 /* MDSpreadViewCornerBottomLeftSelected.png */ = {isa = PBXFileReference; lastKnownFileType = image.png; path = MDSpreadViewCornerBottomLeftSelected.png; sourceTree = "<group>"; };
		512F84A51A9010F30022A597 /* MDSpreadViewCornerBottomLeftSelected@2x.png */ = {isa = PBXFileReference; lastKnownFileType = image.png; path = "MDSpreadViewCornerBottomLeftSelected@2x.png"; sourceTree = "<group>"; };
		512F84A61A9010F30022A597 /* MDSpreadViewCornerBottomRight.png */ = {isa = PBXFileReference; lastKnownFileType = image.png; path = MDSpreadViewCornerBottomRight.png; sourceTree = "<group>"; };
		512F84A71A9010F30022A597 /* MDSpreadViewCornerBottomRight@2x.png */ = {isa = PBXFileReference; lastKnownFileType = image.png; path = "MDSpreadViewCornerBottomRight@2x.png"; sourceTree = "<group>"; };
		512F84A81A9010F30022A597 /* MDSpreadViewCornerBottomRightSelected.png */ = {isa = PBXFileReference; lastKnownFileType = image.png; path = MDSpreadViewCornerBottomRightSelected.png; sourceTree = "<group>"; };
		512F84A91A9010F30022A597 /* MDSpreadViewCornerBottomRightSelected@2x.png */ = {isa = PBXFileReference; lastKnownFileType = image.png; path = "MDSpreadViewCornerBottomRightSelected@2x.png"; sourceTree = "<group>"; };
		512F84AA1A9010F30022A597 /* MDSpreadViewCornerTopLeft.png */ = {isa = PBXFileReference; lastKnownFileType = image.png; path = MDSpreadViewCornerTopLeft.png; sourceTree = "<group>"; };
		512F84AB1A9010F30022A597 /* MDSpreadViewCornerTopLeft@2x.png */ = {isa = PBXFileReference; lastKnownFileType = image.png; path = "MDSpreadViewCornerTopLeft@2x.png"; sourceTree = "<group>"; };
		512F84AC1A9010F30022A597 /* MDSpreadViewCornerTopLeftSelected.png */ = {isa = PBXFileReference; lastKnownFileType = image.png; path = MDSpreadViewCornerTopLeftSelected.png; sourceTree = "<group>"; };
		512F84AD1A9010F30022A597 /* MDSpreadViewCornerTopLeftSelected@2x.png */ = {isa = PBXFileReference; lastKnownFileType = image.png; path = "MDSpreadViewCornerTopLeftSelected@2x.png"; sourceTree = "<group>"; };
		512F84AE1A9010F30022A597 /* MDSpreadViewCornerTopRight.png */ = {isa = PBXFileReference; lastKnownFileType = image.png; path = MDSpreadViewCornerTopRight.png; sourceTree = "<group>"; };
		512F84AF1A9010F30022A597 /* MDSpreadViewCornerTopRight@2x.png */ = {isa = PBXFileReference; lastKnownFileType = image.png; path = "MDSpreadViewCornerTopRight@2x.png"; sourceTree = "<group>"; };
		512F84B01A9010F30022A597 /* MDSpreadViewCornerTopRightSelected.png */ = {isa = PBXFileReference; lastKnownFileType = image.png; path = MDSpreadViewCornerTopRightSelected.png; sourceTree = "<group>"; };
		512F84B11A9010F30022A597 /* MDSpreadViewCornerTopRightSelected@2x.png */ = {isa = PBXFileReference; lastKnownFileType = image.png; path = "MDSpreadViewCornerTopRightSelected@2x.png"; sourceTree = "<group>"; };
		512F84B21A9010F30022A597 /* MDSpreadViewRowHeaderBottom.png */ = {isa = PBXFileReference; lastKnownFileType = image.png; path = MDSpreadViewRowHeaderBottom.png; sourceTree = "<group>"; };
		512F84B31A9010F30022A597 /* MDSpreadViewRowHeaderBottom@2x.png */ = {isa = PBXFileReference; lastKnownFileType = image.png; path = "MDSpreadViewRowHeaderBottom@2x.png"; sourceTree = "<group>"; };
		512F84B41A9010F30022A597 /* MDSpreadViewRowHeaderBottomSelected.png */ = {isa = PBXFileReference; lastKnownFileType = image.png; path = MDSpreadViewRowHeaderBottomSelected.png; sourceTree = "<group>"; };
		512F84B51A9010F30022A597 /* MDSpreadViewRowHeaderBottomSelected@2x.png */ = {isa = PBXFileReference; lastKnownFileType = image.png; path = "MDSpreadViewRowHeaderBottomSelected@2x.png"; sourceTree = "<group>"; };
		512F84B61A9010F30022A597 /* MDSpreadViewRowHeaderTop.png */ = {isa = PBXFileReference; lastKnownFileType = image.png; path = MDSpreadViewRowHeaderTop.png; sourceTree = "<group>"; };
		512F84B71A9010F30022A597 /* MDSpreadViewRowHeaderTop@2x.png */ = {isa = PBXFileReference; lastKnownFileType = image.png; path = "MDSpreadViewRowHeaderTop@2x.png"; sourceTree = "<group>"; };
		512F84B81A9010F30022A597 /* MDSpreadViewRowHeaderTopSelected.png */ = {isa = PBXFileReference; lastKnownFileType = image.png; path = MDSpreadViewRowHeaderTopSelected.png; sourceTree = "<group>"; };
		512F84B91A9010F30022A597 /* MDSpreadViewRowHeaderTopSelected@2x.png */ = {isa = PBXFileReference; lastKnownFileType = image.png; path = "MDSpreadViewRowHeaderTopSelected@2x.png"; sourceTree = "<group>"; };
		512F84E81A9013A30022A597 /* AutoQueryViewer-Bridging-Header.h */ = {isa = PBXFileReference; lastKnownFileType = sourcecode.c.h; path = "AutoQueryViewer-Bridging-Header.h"; sourceTree = SOURCE_ROOT; };
		517F9FD31A907EAE009B76C8 /* JsonServiceClient.swift */ = {isa = PBXFileReference; lastKnownFileType = sourcecode.swift; path = JsonServiceClient.swift; sourceTree = "<group>"; };
		517F9FD71A910379009B76C8 /* ExampleMDSpreadViewController.swift */ = {isa = PBXFileReference; fileEncoding = 4; lastKnownFileType = sourcecode.swift; path = ExampleMDSpreadViewController.swift; sourceTree = "<group>"; };
		517F9FD91A9111D4009B76C8 /* MetadataTypes.swift */ = {isa = PBXFileReference; lastKnownFileType = sourcecode.swift; path = MetadataTypes.swift; sourceTree = "<group>"; };
		517F9FDB1A9121DC009B76C8 /* AppExtensions.swift */ = {isa = PBXFileReference; fileEncoding = 4; lastKnownFileType = sourcecode.swift; path = AppExtensions.swift; sourceTree = "<group>"; };
		517F9FDD1A9130AE009B76C8 /* AutoQueryViewController.swift */ = {isa = PBXFileReference; fileEncoding = 4; lastKnownFileType = sourcecode.swift; path = AutoQueryViewController.swift; sourceTree = "<group>"; };
		51E71CB11A928A4700B4BFDA /* AppData.swift */ = {isa = PBXFileReference; fileEncoding = 4; lastKnownFileType = sourcecode.swift; path = AppData.swift; sourceTree = "<group>"; };
		51E71CB31A9361E200B4BFDA /* AutoQueryServiceViewController.swift */ = {isa = PBXFileReference; fileEncoding = 4; lastKnownFileType = sourcecode.swift; path = AutoQueryServiceViewController.swift; sourceTree = "<group>"; };
/* End PBXFileReference section */

/* Begin PBXFrameworksBuildPhase section */
		512F845C1A90106A0022A597 /* Frameworks */ = {
			isa = PBXFrameworksBuildPhase;
			buildActionMask = 2147483647;
			files = (
			);
			runOnlyForDeploymentPostprocessing = 0;
		};
		512F84711A90106A0022A597 /* Frameworks */ = {
			isa = PBXFrameworksBuildPhase;
			buildActionMask = 2147483647;
			files = (
			);
			runOnlyForDeploymentPostprocessing = 0;
		};
/* End PBXFrameworksBuildPhase section */

/* Begin PBXGroup section */
		512F84561A90106A0022A597 = {
			isa = PBXGroup;
			children = (
				512F84611A90106A0022A597 /* AutoQueryViewer */,
				512F84771A90106A0022A597 /* AutoQueryViewerTests */,
				512F84601A90106A0022A597 /* Products */,
			);
			sourceTree = "<group>";
		};
		512F84601A90106A0022A597 /* Products */ = {
			isa = PBXGroup;
			children = (
				512F845F1A90106A0022A597 /* AutoQueryViewer.app */,
				512F84741A90106A0022A597 /* AutoQueryViewerTests.xctest */,
			);
			name = Products;
			sourceTree = "<group>";
		};
		512F84611A90106A0022A597 /* AutoQueryViewer */ = {
			isa = PBXGroup;
			children = (
				512F84621A90106A0022A597 /* Supporting Files */,
				512F84841A9010F30022A597 /* MDSpreadView */,
				512F84E81A9013A30022A597 /* AutoQueryViewer-Bridging-Header.h */,
				512F84641A90106A0022A597 /* AppDelegate.swift */,
				51E71CB11A928A4700B4BFDA /* AppData.swift */,
				517F9FDB1A9121DC009B76C8 /* AppExtensions.swift */,
				512F84661A90106A0022A597 /* FindAutoQueryServiceViewController.swift */,
				51E71CB31A9361E200B4BFDA /* AutoQueryServiceViewController.swift */,
				517F9FDD1A9130AE009B76C8 /* AutoQueryViewController.swift */,
				517F9FD31A907EAE009B76C8 /* JsonServiceClient.swift */,
				517F9FD91A9111D4009B76C8 /* MetadataTypes.swift */,
				517F9FD71A910379009B76C8 /* ExampleMDSpreadViewController.swift */,
			);
			path = AutoQueryViewer;
			sourceTree = "<group>";
		};
		512F84621A90106A0022A597 /* Supporting Files */ = {
			isa = PBXGroup;
			children = (
				512F84631A90106A0022A597 /* Info.plist */,
				512F84681A90106A0022A597 /* Main.storyboard */,
				512F846B1A90106A0022A597 /* Images.xcassets */,
				512F846D1A90106A0022A597 /* LaunchScreen.xib */,
			);
			name = "Supporting Files";
			sourceTree = "<group>";
		};
		512F84771A90106A0022A597 /* AutoQueryViewerTests */ = {
			isa = PBXGroup;
			children = (
				512F847A1A90106A0022A597 /* AutoQueryViewerTests.swift */,
				512F84781A90106A0022A597 /* Supporting Files */,
			);
			path = AutoQueryViewerTests;
			sourceTree = "<group>";
		};
		512F84781A90106A0022A597 /* Supporting Files */ = {
			isa = PBXGroup;
			children = (
				512F84791A90106A0022A597 /* Info.plist */,
			);
			name = "Supporting Files";
			sourceTree = "<group>";
		};
		512F84841A9010F30022A597 /* MDSpreadView */ = {
			isa = PBXGroup;
			children = (
				512F84851A9010F30022A597 /* Classes */,
				512F84951A9010F30022A597 /* Images */,
			);
			path = MDSpreadView;
			sourceTree = "<group>";
		};
		512F84851A9010F30022A597 /* Classes */ = {
			isa = PBXGroup;
			children = (
				512F84861A9010F30022A597 /* MDSpreadView.h */,
				512F84871A9010F30022A597 /* MDSpreadView.m */,
				512F84881A9010F30022A597 /* MDSpreadViewCell.h */,
				512F84891A9010F30022A597 /* MDSpreadViewCell.m */,
				512F848A1A9010F30022A597 /* MDSpreadViewCellBackground.h */,
				512F848B1A9010F30022A597 /* MDSpreadViewCellBackground.m */,
				512F848C1A9010F30022A597 /* MDSpreadViewCellColumnHeaderBackground.h */,
				512F848D1A9010F30022A597 /* MDSpreadViewCellColumnHeaderBackground.m */,
				512F848E1A9010F30022A597 /* MDSpreadViewCellCornerHeaderBackground.h */,
				512F848F1A9010F30022A597 /* MDSpreadViewCellCornerHeaderBackground.m */,
				512F84901A9010F30022A597 /* MDSpreadViewCellRowHeaderBackground.h */,
				512F84911A9010F30022A597 /* MDSpreadViewCellRowHeaderBackground.m */,
				512F84921A9010F30022A597 /* MDSpreadViewClasses.h */,
				512F84931A9010F30022A597 /* MDSpreadViewHeaderCell.h */,
				512F84941A9010F30022A597 /* MDSpreadViewHeaderCell.m */,
			);
			path = Classes;
			sourceTree = "<group>";
		};
		512F84951A9010F30022A597 /* Images */ = {
			isa = PBXGroup;
			children = (
				512F84961A9010F30022A597 /* MDSpreadViewCell.png */,
				512F84971A9010F30022A597 /* MDSpreadViewCell@2x.png */,
				512F84981A9010F30022A597 /* MDSpreadViewCellSelected.png */,
				512F84991A9010F30022A597 /* MDSpreadViewCellSelected@2x.png */,
				512F849A1A9010F30022A597 /* MDSpreadViewColumnHeaderLeft.png */,
				512F849B1A9010F30022A597 /* MDSpreadViewColumnHeaderLeft@2x.png */,
				512F849C1A9010F30022A597 /* MDSpreadViewColumnHeaderLeftSelected.png */,
				512F849D1A9010F30022A597 /* MDSpreadViewColumnHeaderLeftSelected@2x.png */,
				512F849E1A9010F30022A597 /* MDSpreadViewColumnHeaderRight.png */,
				512F849F1A9010F30022A597 /* MDSpreadViewColumnHeaderRight@2x.png */,
				512F84A01A9010F30022A597 /* MDSpreadViewColumnHeaderRightSelected.png */,
				512F84A11A9010F30022A597 /* MDSpreadViewColumnHeaderRightSelected@2x.png */,
				512F84A21A9010F30022A597 /* MDSpreadViewCornerBottomLeft.png */,
				512F84A31A9010F30022A597 /* MDSpreadViewCornerBottomLeft@2x.png */,
				512F84A41A9010F30022A597 /* MDSpreadViewCornerBottomLeftSelected.png */,
				512F84A51A9010F30022A597 /* MDSpreadViewCornerBottomLeftSelected@2x.png */,
				512F84A61A9010F30022A597 /* MDSpreadViewCornerBottomRight.png */,
				512F84A71A9010F30022A597 /* MDSpreadViewCornerBottomRight@2x.png */,
				512F84A81A9010F30022A597 /* MDSpreadViewCornerBottomRightSelected.png */,
				512F84A91A9010F30022A597 /* MDSpreadViewCornerBottomRightSelected@2x.png */,
				512F84AA1A9010F30022A597 /* MDSpreadViewCornerTopLeft.png */,
				512F84AB1A9010F30022A597 /* MDSpreadViewCornerTopLeft@2x.png */,
				512F84AC1A9010F30022A597 /* MDSpreadViewCornerTopLeftSelected.png */,
				512F84AD1A9010F30022A597 /* MDSpreadViewCornerTopLeftSelected@2x.png */,
				512F84AE1A9010F30022A597 /* MDSpreadViewCornerTopRight.png */,
				512F84AF1A9010F30022A597 /* MDSpreadViewCornerTopRight@2x.png */,
				512F84B01A9010F30022A597 /* MDSpreadViewCornerTopRightSelected.png */,
				512F84B11A9010F30022A597 /* MDSpreadViewCornerTopRightSelected@2x.png */,
				512F84B21A9010F30022A597 /* MDSpreadViewRowHeaderBottom.png */,
				512F84B31A9010F30022A597 /* MDSpreadViewRowHeaderBottom@2x.png */,
				512F84B41A9010F30022A597 /* MDSpreadViewRowHeaderBottomSelected.png */,
				512F84B51A9010F30022A597 /* MDSpreadViewRowHeaderBottomSelected@2x.png */,
				512F84B61A9010F30022A597 /* MDSpreadViewRowHeaderTop.png */,
				512F84B71A9010F30022A597 /* MDSpreadViewRowHeaderTop@2x.png */,
				512F84B81A9010F30022A597 /* MDSpreadViewRowHeaderTopSelected.png */,
				512F84B91A9010F30022A597 /* MDSpreadViewRowHeaderTopSelected@2x.png */,
			);
			path = Images;
			sourceTree = "<group>";
		};
/* End PBXGroup section */

/* Begin PBXNativeTarget section */
		512F845E1A90106A0022A597 /* AutoQueryViewer */ = {
			isa = PBXNativeTarget;
			buildConfigurationList = 512F847E1A90106A0022A597 /* Build configuration list for PBXNativeTarget "AutoQueryViewer" */;
			buildPhases = (
				512F845B1A90106A0022A597 /* Sources */,
				512F845C1A90106A0022A597 /* Frameworks */,
				512F845D1A90106A0022A597 /* Resources */,
			);
			buildRules = (
			);
			dependencies = (
			);
			name = AutoQueryViewer;
			productName = AutoQueryViewer;
			productReference = 512F845F1A90106A0022A597 /* AutoQueryViewer.app */;
			productType = "com.apple.product-type.application";
		};
		512F84731A90106A0022A597 /* AutoQueryViewerTests */ = {
			isa = PBXNativeTarget;
			buildConfigurationList = 512F84811A90106A0022A597 /* Build configuration list for PBXNativeTarget "AutoQueryViewerTests" */;
			buildPhases = (
				512F84701A90106A0022A597 /* Sources */,
				512F84711A90106A0022A597 /* Frameworks */,
				512F84721A90106A0022A597 /* Resources */,
			);
			buildRules = (
			);
			dependencies = (
				512F84761A90106A0022A597 /* PBXTargetDependency */,
			);
			name = AutoQueryViewerTests;
			productName = AutoQueryViewerTests;
			productReference = 512F84741A90106A0022A597 /* AutoQueryViewerTests.xctest */;
			productType = "com.apple.product-type.bundle.unit-test";
		};
/* End PBXNativeTarget section */

/* Begin PBXProject section */
		512F84571A90106A0022A597 /* Project object */ = {
			isa = PBXProject;
			attributes = {
				LastUpgradeCheck = 0610;
				ORGANIZATIONNAME = "ServiceStack LLC";
				TargetAttributes = {
					512F845E1A90106A0022A597 = {
						CreatedOnToolsVersion = 6.1.1;
						DevelopmentTeam = DK4VJ3YB24;
					};
					512F84731A90106A0022A597 = {
						CreatedOnToolsVersion = 6.1.1;
						TestTargetID = 512F845E1A90106A0022A597;
					};
				};
			};
			buildConfigurationList = 512F845A1A90106A0022A597 /* Build configuration list for PBXProject "AutoQueryViewer" */;
			compatibilityVersion = "Xcode 3.2";
			developmentRegion = English;
			hasScannedForEncodings = 0;
			knownRegions = (
				en,
				Base,
			);
			mainGroup = 512F84561A90106A0022A597;
			productRefGroup = 512F84601A90106A0022A597 /* Products */;
			projectDirPath = "";
			projectRoot = "";
			targets = (
				512F845E1A90106A0022A597 /* AutoQueryViewer */,
				512F84731A90106A0022A597 /* AutoQueryViewerTests */,
			);
		};
/* End PBXProject section */

/* Begin PBXResourcesBuildPhase section */
		512F845D1A90106A0022A597 /* Resources */ = {
			isa = PBXResourcesBuildPhase;
			buildActionMask = 2147483647;
			files = (
				512F84D81A9010F30022A597 /* MDSpreadViewCornerTopLeftSelected@2x.png in Resources */,
				512F84C51A9010F30022A597 /* MDSpreadViewColumnHeaderLeft.png in Resources */,
				512F84E11A9010F30022A597 /* MDSpreadViewRowHeaderTop.png in Resources */,
				512F84C41A9010F30022A597 /* MDSpreadViewCellSelected@2x.png in Resources */,
				512F84DB1A9010F30022A597 /* MDSpreadViewCornerTopRightSelected.png in Resources */,
				512F84D51A9010F30022A597 /* MDSpreadViewCornerTopLeft.png in Resources */,
				512F846A1A90106A0022A597 /* Main.storyboard in Resources */,
				512F84C81A9010F30022A597 /* MDSpreadViewColumnHeaderLeftSelected@2x.png in Resources */,
				512F84D61A9010F30022A597 /* MDSpreadViewCornerTopLeft@2x.png in Resources */,
				512F84C71A9010F30022A597 /* MDSpreadViewColumnHeaderLeftSelected.png in Resources */,
				512F84D01A9010F30022A597 /* MDSpreadViewCornerBottomLeftSelected@2x.png in Resources */,
				512F84E01A9010F30022A597 /* MDSpreadViewRowHeaderBottomSelected@2x.png in Resources */,
				512F846F1A90106A0022A597 /* LaunchScreen.xib in Resources */,
				512F84CF1A9010F30022A597 /* MDSpreadViewCornerBottomLeftSelected.png in Resources */,
				512F84CA1A9010F30022A597 /* MDSpreadViewColumnHeaderRight@2x.png in Resources */,
				512F84DA1A9010F30022A597 /* MDSpreadViewCornerTopRight@2x.png in Resources */,
				512F84D41A9010F30022A597 /* MDSpreadViewCornerBottomRightSelected@2x.png in Resources */,
				512F84E21A9010F30022A597 /* MDSpreadViewRowHeaderTop@2x.png in Resources */,
				512F84C11A9010F30022A597 /* MDSpreadViewCell.png in Resources */,
				512F84C21A9010F30022A597 /* MDSpreadViewCell@2x.png in Resources */,
				512F84C91A9010F30022A597 /* MDSpreadViewColumnHeaderRight.png in Resources */,
				512F84DF1A9010F30022A597 /* MDSpreadViewRowHeaderBottomSelected.png in Resources */,
				512F84DE1A9010F30022A597 /* MDSpreadViewRowHeaderBottom@2x.png in Resources */,
				512F84DC1A9010F30022A597 /* MDSpreadViewCornerTopRightSelected@2x.png in Resources */,
				512F84DD1A9010F30022A597 /* MDSpreadViewRowHeaderBottom.png in Resources */,
				512F846C1A90106A0022A597 /* Images.xcassets in Resources */,
				512F84E41A9010F30022A597 /* MDSpreadViewRowHeaderTopSelected@2x.png in Resources */,
				512F84D11A9010F30022A597 /* MDSpreadViewCornerBottomRight.png in Resources */,
				512F84CC1A9010F30022A597 /* MDSpreadViewColumnHeaderRightSelected@2x.png in Resources */,
				512F84C31A9010F30022A597 /* MDSpreadViewCellSelected.png in Resources */,
				512F84E31A9010F30022A597 /* MDSpreadViewRowHeaderTopSelected.png in Resources */,
				512F84D71A9010F30022A597 /* MDSpreadViewCornerTopLeftSelected.png in Resources */,
				512F84C61A9010F30022A597 /* MDSpreadViewColumnHeaderLeft@2x.png in Resources */,
				512F84D21A9010F30022A597 /* MDSpreadViewCornerBottomRight@2x.png in Resources */,
				512F84CE1A9010F30022A597 /* MDSpreadViewCornerBottomLeft@2x.png in Resources */,
				512F84CD1A9010F30022A597 /* MDSpreadViewCornerBottomLeft.png in Resources */,
				512F84D31A9010F30022A597 /* MDSpreadViewCornerBottomRightSelected.png in Resources */,
				512F84D91A9010F30022A597 /* MDSpreadViewCornerTopRight.png in Resources */,
				512F84CB1A9010F30022A597 /* MDSpreadViewColumnHeaderRightSelected.png in Resources */,
			);
			runOnlyForDeploymentPostprocessing = 0;
		};
		512F84721A90106A0022A597 /* Resources */ = {
			isa = PBXResourcesBuildPhase;
			buildActionMask = 2147483647;
			files = (
			);
			runOnlyForDeploymentPostprocessing = 0;
		};
/* End PBXResourcesBuildPhase section */

/* Begin PBXSourcesBuildPhase section */
		512F845B1A90106A0022A597 /* Sources */ = {
			isa = PBXSourcesBuildPhase;
			buildActionMask = 2147483647;
			files = (
				512F84BB1A9010F30022A597 /* MDSpreadViewCell.m in Sources */,
				517F9FDA1A9111D4009B76C8 /* MetadataTypes.swift in Sources */,
				517F9FDC1A9121DC009B76C8 /* AppExtensions.swift in Sources */,
				512F84C01A9010F30022A597 /* MDSpreadViewHeaderCell.m in Sources */,
				512F84BC1A9010F30022A597 /* MDSpreadViewCellBackground.m in Sources */,
				512F84671A90106A0022A597 /* FindAutoQueryServiceViewController.swift in Sources */,
				517F9FD41A907EAE009B76C8 /* JsonServiceClient.swift in Sources */,
				512F84BE1A9010F30022A597 /* MDSpreadViewCellCornerHeaderBackground.m in Sources */,
				517F9FDE1A9130AE009B76C8 /* AutoQueryViewController.swift in Sources */,
				512F84BF1A9010F30022A597 /* MDSpreadViewCellRowHeaderBackground.m in Sources */,
				512F84651A90106A0022A597 /* AppDelegate.swift in Sources */,
				512F84BA1A9010F30022A597 /* MDSpreadView.m in Sources */,
				517F9FD81A910379009B76C8 /* ExampleMDSpreadViewController.swift in Sources */,
				512F84BD1A9010F30022A597 /* MDSpreadViewCellColumnHeaderBackground.m in Sources */,
				51E71CB41A9361E200B4BFDA /* AutoQueryServiceViewController.swift in Sources */,
				51E71CB21A928A4700B4BFDA /* AppData.swift in Sources */,
			);
			runOnlyForDeploymentPostprocessing = 0;
		};
		512F84701A90106A0022A597 /* Sources */ = {
			isa = PBXSourcesBuildPhase;
			buildActionMask = 2147483647;
			files = (
				512F847B1A90106A0022A597 /* AutoQueryViewerTests.swift in Sources */,
			);
			runOnlyForDeploymentPostprocessing = 0;
		};
/* End PBXSourcesBuildPhase section */

/* Begin PBXTargetDependency section */
		512F84761A90106A0022A597 /* PBXTargetDependency */ = {
			isa = PBXTargetDependency;
			target = 512F845E1A90106A0022A597 /* AutoQueryViewer */;
			targetProxy = 512F84751A90106A0022A597 /* PBXContainerItemProxy */;
		};
/* End PBXTargetDependency section */

/* Begin PBXVariantGroup section */
		512F84681A90106A0022A597 /* Main.storyboard */ = {
			isa = PBXVariantGroup;
			children = (
				512F84691A90106A0022A597 /* Base */,
			);
			name = Main.storyboard;
			sourceTree = "<group>";
		};
		512F846D1A90106A0022A597 /* LaunchScreen.xib */ = {
			isa = PBXVariantGroup;
			children = (
				512F846E1A90106A0022A597 /* Base */,
			);
			name = LaunchScreen.xib;
			sourceTree = "<group>";
		};
/* End PBXVariantGroup section */

/* Begin XCBuildConfiguration section */
		512F847C1A90106A0022A597 /* Debug */ = {
			isa = XCBuildConfiguration;
			buildSettings = {
				ALWAYS_SEARCH_USER_PATHS = NO;
				CLANG_CXX_LANGUAGE_STANDARD = "gnu++0x";
				CLANG_CXX_LIBRARY = "libc++";
				CLANG_ENABLE_MODULES = YES;
				CLANG_ENABLE_OBJC_ARC = YES;
				CLANG_WARN_BOOL_CONVERSION = YES;
				CLANG_WARN_CONSTANT_CONVERSION = YES;
				CLANG_WARN_DIRECT_OBJC_ISA_USAGE = YES_ERROR;
				CLANG_WARN_EMPTY_BODY = YES;
				CLANG_WARN_ENUM_CONVERSION = YES;
				CLANG_WARN_INT_CONVERSION = YES;
				CLANG_WARN_OBJC_ROOT_CLASS = YES_ERROR;
				CLANG_WARN_UNREACHABLE_CODE = YES;
				CLANG_WARN__DUPLICATE_METHOD_MATCH = YES;
				CODE_SIGN_IDENTITY = "";
				"CODE_SIGN_IDENTITY[sdk=iphoneos*]" = "";
				COPY_PHASE_STRIP = NO;
				ENABLE_STRICT_OBJC_MSGSEND = YES;
				GCC_C_LANGUAGE_STANDARD = gnu99;
				GCC_DYNAMIC_NO_PIC = NO;
				GCC_OPTIMIZATION_LEVEL = 0;
				GCC_PREPROCESSOR_DEFINITIONS = (
					"DEBUG=1",
					"$(inherited)",
				);
				GCC_SYMBOLS_PRIVATE_EXTERN = NO;
				GCC_WARN_64_TO_32_BIT_CONVERSION = YES;
				GCC_WARN_ABOUT_RETURN_TYPE = YES_ERROR;
				GCC_WARN_UNDECLARED_SELECTOR = YES;
				GCC_WARN_UNINITIALIZED_AUTOS = YES_AGGRESSIVE;
				GCC_WARN_UNUSED_FUNCTION = YES;
				GCC_WARN_UNUSED_VARIABLE = YES;
				IPHONEOS_DEPLOYMENT_TARGET = 8.1;
				MTL_ENABLE_DEBUG_INFO = YES;
				ONLY_ACTIVE_ARCH = YES;
				PROVISIONING_PROFILE = "";
				SDKROOT = iphoneos;
				SWIFT_OPTIMIZATION_LEVEL = "-Onone";
				TARGETED_DEVICE_FAMILY = 2;
			};
			name = Debug;
		};
		512F847D1A90106A0022A597 /* Release */ = {
			isa = XCBuildConfiguration;
			buildSettings = {
				ALWAYS_SEARCH_USER_PATHS = NO;
				CLANG_CXX_LANGUAGE_STANDARD = "gnu++0x";
				CLANG_CXX_LIBRARY = "libc++";
				CLANG_ENABLE_MODULES = YES;
				CLANG_ENABLE_OBJC_ARC = YES;
				CLANG_WARN_BOOL_CONVERSION = YES;
				CLANG_WARN_CONSTANT_CONVERSION = YES;
				CLANG_WARN_DIRECT_OBJC_ISA_USAGE = YES_ERROR;
				CLANG_WARN_EMPTY_BODY = YES;
				CLANG_WARN_ENUM_CONVERSION = YES;
				CLANG_WARN_INT_CONVERSION = YES;
				CLANG_WARN_OBJC_ROOT_CLASS = YES_ERROR;
				CLANG_WARN_UNREACHABLE_CODE = YES;
				CLANG_WARN__DUPLICATE_METHOD_MATCH = YES;
				CODE_SIGN_IDENTITY = "iPhone Distribution: Demis Bellot";
				"CODE_SIGN_IDENTITY[sdk=iphoneos*]" = "iPhone Distribution: Demis Bellot";
				COPY_PHASE_STRIP = YES;
				ENABLE_NS_ASSERTIONS = NO;
				ENABLE_STRICT_OBJC_MSGSEND = YES;
				GCC_C_LANGUAGE_STANDARD = gnu99;
				GCC_WARN_64_TO_32_BIT_CONVERSION = YES;
				GCC_WARN_ABOUT_RETURN_TYPE = YES_ERROR;
				GCC_WARN_UNDECLARED_SELECTOR = YES;
				GCC_WARN_UNINITIALIZED_AUTOS = YES_AGGRESSIVE;
				GCC_WARN_UNUSED_FUNCTION = YES;
				GCC_WARN_UNUSED_VARIABLE = YES;
				IPHONEOS_DEPLOYMENT_TARGET = 8.1;
				MTL_ENABLE_DEBUG_INFO = NO;
				PROVISIONING_PROFILE = "";
				SDKROOT = iphoneos;
				TARGETED_DEVICE_FAMILY = 2;
				VALIDATE_PRODUCT = YES;
			};
			name = Release;
		};
		512F847F1A90106A0022A597 /* Debug */ = {
			isa = XCBuildConfiguration;
			buildSettings = {
				ASSETCATALOG_COMPILER_APPICON_NAME = AppIcon;
				CODE_SIGN_IDENTITY = "iPhone Developer";
				"CODE_SIGN_IDENTITY[sdk=iphoneos*]" = "iPhone Developer";
				INFOPLIST_FILE = AutoQueryViewer/Info.plist;
				LD_RUNPATH_SEARCH_PATHS = "$(inherited) @executable_path/Frameworks";
				PRODUCT_NAME = "$(TARGET_NAME)";
				PROVISIONING_PROFILE = "";
				SWIFT_OBJC_BRIDGING_HEADER = "AutoQueryViewer-Bridging-Header.h";
			};
			name = Debug;
		};
		512F84801A90106A0022A597 /* Release */ = {
			isa = XCBuildConfiguration;
			buildSettings = {
				ASSETCATALOG_COMPILER_APPICON_NAME = AppIcon;
				CODE_SIGN_IDENTITY = "iPhone Developer";
				"CODE_SIGN_IDENTITY[sdk=iphoneos*]" = "iPhone Developer";
				INFOPLIST_FILE = AutoQueryViewer/Info.plist;
				LD_RUNPATH_SEARCH_PATHS = "$(inherited) @executable_path/Frameworks";
				PRODUCT_NAME = "$(TARGET_NAME)";
				PROVISIONING_PROFILE = "";
				SWIFT_OBJC_BRIDGING_HEADER = "AutoQueryViewer-Bridging-Header.h";
			};
			name = Release;
		};
		512F84821A90106A0022A597 /* Debug */ = {
			isa = XCBuildConfiguration;
			buildSettings = {
				BUNDLE_LOADER = "$(TEST_HOST)";
				FRAMEWORK_SEARCH_PATHS = (
					"$(SDKROOT)/Developer/Library/Frameworks",
					"$(inherited)",
				);
				GCC_PREPROCESSOR_DEFINITIONS = (
					"DEBUG=1",
					"$(inherited)",
				);
				INFOPLIST_FILE = AutoQueryViewerTests/Info.plist;
				LD_RUNPATH_SEARCH_PATHS = "$(inherited) @executable_path/Frameworks @loader_path/Frameworks";
				PRODUCT_NAME = "$(TARGET_NAME)";
				TEST_HOST = "$(BUILT_PRODUCTS_DIR)/AutoQueryViewer.app/AutoQueryViewer";
			};
			name = Debug;
		};
		512F84831A90106A0022A597 /* Release */ = {
			isa = XCBuildConfiguration;
			buildSettings = {
				BUNDLE_LOADER = "$(TEST_HOST)";
				FRAMEWORK_SEARCH_PATHS = (
					"$(SDKROOT)/Developer/Library/Frameworks",
					"$(inherited)",
				);
				INFOPLIST_FILE = AutoQueryViewerTests/Info.plist;
				LD_RUNPATH_SEARCH_PATHS = "$(inherited) @executable_path/Frameworks @loader_path/Frameworks";
				PRODUCT_NAME = "$(TARGET_NAME)";
				TEST_HOST = "$(BUILT_PRODUCTS_DIR)/AutoQueryViewer.app/AutoQueryViewer";
			};
			name = Release;
		};
/* End XCBuildConfiguration section */

/* Begin XCConfigurationList section */
		512F845A1A90106A0022A597 /* Build configuration list for PBXProject "AutoQueryViewer" */ = {
			isa = XCConfigurationList;
			buildConfigurations = (
				512F847C1A90106A0022A597 /* Debug */,
				512F847D1A90106A0022A597 /* Release */,
			);
			defaultConfigurationIsVisible = 0;
			defaultConfigurationName = Release;
		};
		512F847E1A90106A0022A597 /* Build configuration list for PBXNativeTarget "AutoQueryViewer" */ = {
			isa = XCConfigurationList;
			buildConfigurations = (
				512F847F1A90106A0022A597 /* Debug */,
				512F84801A90106A0022A597 /* Release */,
			);
			defaultConfigurationIsVisible = 0;
			defaultConfigurationName = Release;
		};
		512F84811A90106A0022A597 /* Build configuration list for PBXNativeTarget "AutoQueryViewerTests" */ = {
			isa = XCConfigurationList;
			buildConfigurations = (
				512F84821A90106A0022A597 /* Debug */,
				512F84831A90106A0022A597 /* Release */,
			);
			defaultConfigurationIsVisible = 0;
			defaultConfigurationName = Release;
		};
/* End XCConfigurationList section */
	};
	rootObject = 512F84571A90106A0022A597 /* Project object */;
}
