<?xml version="1.0" encoding="UTF-8"?>
<Scheme
   version = "1.3">
   <BuildAction>
      <BuildActionEntries>
         <BuildActionEntry
            buildForRunning = "YES">
            <BuildableReference
               BuildableIdentifier = "primary"
               BlueprintIdentifier = "ED96D14B1A79A5D300B23CF7"
               BuildableName = "ServiceStackXCode.xcplugin"
               BlueprintName = "ServiceStackXCode"
               ReferencedContainer = "container:ServiceStackXCode.xcodeproj">
            </BuildableReference>
         </BuildActionEntry>
      </BuildActionEntries>
   </BuildAction>
   <LaunchAction
      useCustomWorkingDirectory = "NO"
      buildConfiguration = "Debug">
      <PathRunnable
         FilePath = "/Applications/Xcode.app">
      </PathRunnable>
   </LaunchAction>
</Scheme>
