// !$*UTF8*$!
{
	archiveVersion = 1;
	classes = {
	};
	objectVersion = 46;
	objects = {

/* Begin PBXBuildFile section */
		51E33CB81A73929C006D9CB4 /* SwiftCompilerSlow.h in Headers */ = {isa = PBXBuildFile; fileRef = 51E33CB71A73929C006D9CB4 /* SwiftCompilerSlow.h */; settings = {ATTRIBUTES = (Public, ); }; };
		51E33CBE1A73929C006D9CB4 /* SwiftCompilerSlow.framework in Frameworks */ = {isa = PBXBuildFile; fileRef = 51E33CB21A73929C006D9CB4 /* SwiftCompilerSlow.framework */; };
		51E33CC51A73929C006D9CB4 /* SwiftCompilerSlowTests.swift in Sources */ = {isa = PBXBuildFile; fileRef = 51E33CC41A73929C006D9CB4 /* SwiftCompilerSlowTests.swift */; };
		51E33CCF1A7392B7006D9CB4 /* SlowExample.swift in Sources */ = {isa = PBXBuildFile; fileRef = 51E33CCE1A7392B7006D9CB4 /* SlowExample.swift */; };
/* End PBXBuildFile section */

/* Begin PBXContainerItemProxy section */
		51E33CBF1A73929C006D9CB4 /* PBXContainerItemProxy */ = {
			isa = PBXContainerItemProxy;
			containerPortal = 51E33CA91A73929C006D9CB4 /* Project object */;
			proxyType = 1;
			remoteGlobalIDString = 51E33CB11A73929C006D9CB4;
			remoteInfo = SwiftCompilerSlow;
		};
/* End PBXContainerItemProxy section */

/* Begin PBXFileReference section */
		51E33CB21A73929C006D9CB4 /* SwiftCompilerSlow.framework */ = {isa = PBXFileReference; explicitFileType = wrapper.framework; includeInIndex = 0; path = SwiftCompilerSlow.framework; sourceTree = BUILT_PRODUCTS_DIR; };
		51E33CB61A73929C006D9CB4 /* Info.plist */ = {isa = PBXFileReference; lastKnownFileType = text.plist.xml; path = Info.plist; sourceTree = "<group>"; };
		51E33CB71A73929C006D9CB4 /* SwiftCompilerSlow.h */ = {isa = PBXFileReference; lastKnownFileType = sourcecode.c.h; path = SwiftCompilerSlow.h; sourceTree = "<group>"; };
		51E33CBD1A73929C006D9CB4 /* SwiftCompilerSlowTests.xctest */ = {isa = PBXFileReference; explicitFileType = wrapper.cfbundle; includeInIndex = 0; path = SwiftCompilerSlowTests.xctest; sourceTree = BUILT_PRODUCTS_DIR; };
		51E33CC31A73929C006D9CB4 /* Info.plist */ = {isa = PBXFileReference; lastKnownFileType = text.plist.xml; path = Info.plist; sourceTree = "<group>"; };
		51E33CC41A73929C006D9CB4 /* SwiftCompilerSlowTests.swift */ = {isa = PBXFileReference; lastKnownFileType = sourcecode.swift; path = SwiftCompilerSlowTests.swift; sourceTree = "<group>"; };
		51E33CCE1A7392B7006D9CB4 /* SlowExample.swift */ = {isa = PBXFileReference; fileEncoding = 4; lastKnownFileType = sourcecode.swift; path = SlowExample.swift; sourceTree = "<group>"; };
/* End PBXFileReference section */

/* Begin PBXFrameworksBuildPhase section */
		51E33CAE1A73929C006D9CB4 /* Frameworks */ = {
			isa = PBXFrameworksBuildPhase;
			buildActionMask = 2147483647;
			files = (
			);
			runOnlyForDeploymentPostprocessing = 0;
		};
		51E33CBA1A73929C006D9CB4 /* Frameworks */ = {
			isa = PBXFrameworksBuildPhase;
			buildActionMask = 2147483647;
			files = (
				51E33CBE1A73929C006D9CB4 /* SwiftCompilerSlow.framework in Frameworks */,
			);
			runOnlyForDeploymentPostprocessing = 0;
		};
/* End PBXFrameworksBuildPhase section */

/* Begin PBXGroup section */
		51E33CA81A73929C006D9CB4 = {
			isa = PBXGroup;
			children = (
				51E33CB41A73929C006D9CB4 /* SwiftCompilerSlow */,
				51E33CC11A73929C006D9CB4 /* SwiftCompilerSlowTests */,
				51E33CB31A73929C006D9CB4 /* Products */,
			);
			sourceTree = "<group>";
		};
		51E33CB31A73929C006D9CB4 /* Products */ = {
			isa = PBXGroup;
			children = (
				51E33CB21A73929C006D9CB4 /* SwiftCompilerSlow.framework */,
				51E33CBD1A73929C006D9CB4 /* SwiftCompilerSlowTests.xctest */,
			);
			name = Products;
			sourceTree = "<group>";
		};
		51E33CB41A73929C006D9CB4 /* SwiftCompilerSlow */ = {
			isa = PBXGroup;
			children = (
				51E33CB71A73929C006D9CB4 /* SwiftCompilerSlow.h */,
				51E33CB51A73929C006D9CB4 /* Supporting Files */,
				51E33CCE1A7392B7006D9CB4 /* SlowExample.swift */,
			);
			path = SwiftCompilerSlow;
			sourceTree = "<group>";
		};
		51E33CB51A73929C006D9CB4 /* Supporting Files */ = {
			isa = PBXGroup;
			children = (
				51E33CB61A73929C006D9CB4 /* Info.plist */,
			);
			name = "Supporting Files";
			sourceTree = "<group>";
		};
		51E33CC11A73929C006D9CB4 /* SwiftCompilerSlowTests */ = {
			isa = PBXGroup;
			children = (
				51E33CC41A73929C006D9CB4 /* SwiftCompilerSlowTests.swift */,
				51E33CC21A73929C006D9CB4 /* Supporting Files */,
			);
			path = SwiftCompilerSlowTests;
			sourceTree = "<group>";
		};
		51E33CC21A73929C006D9CB4 /* Supporting Files */ = {
			isa = PBXGroup;
			children = (
				51E33CC31A73929C006D9CB4 /* Info.plist */,
			);
			name = "Supporting Files";
			sourceTree = "<group>";
		};
/* End PBXGroup section */

/* Begin PBXHeadersBuildPhase section */
		51E33CAF1A73929C006D9CB4 /* Headers */ = {
			isa = PBXHeadersBuildPhase;
			buildActionMask = 2147483647;
			files = (
				51E33CB81A73929C006D9CB4 /* SwiftCompilerSlow.h in Headers */,
			);
			runOnlyForDeploymentPostprocessing = 0;
		};
/* End PBXHeadersBuildPhase section */

/* Begin PBXNativeTarget section */
		51E33CB11A73929C006D9CB4 /* SwiftCompilerSlow */ = {
			isa = PBXNativeTarget;
			buildConfigurationList = 51E33CC81A73929C006D9CB4 /* Build configuration list for PBXNativeTarget "SwiftCompilerSlow" */;
			buildPhases = (
				51E33CAD1A73929C006D9CB4 /* Sources */,
				51E33CAE1A73929C006D9CB4 /* Frameworks */,
				51E33CAF1A73929C006D9CB4 /* Headers */,
				51E33CB01A73929C006D9CB4 /* Resources */,
			);
			buildRules = (
			);
			dependencies = (
			);
			name = SwiftCompilerSlow;
			productName = SwiftCompilerSlow;
			productReference = 51E33CB21A73929C006D9CB4 /* SwiftCompilerSlow.framework */;
			productType = "com.apple.product-type.framework";
		};
		51E33CBC1A73929C006D9CB4 /* SwiftCompilerSlowTests */ = {
			isa = PBXNativeTarget;
			buildConfigurationList = 51E33CCB1A73929C006D9CB4 /* Build configuration list for PBXNativeTarget "SwiftCompilerSlowTests" */;
			buildPhases = (
				51E33CB91A73929C006D9CB4 /* Sources */,
				51E33CBA1A73929C006D9CB4 /* Frameworks */,
				51E33CBB1A73929C006D9CB4 /* Resources */,
			);
			buildRules = (
			);
			dependencies = (
				51E33CC01A73929C006D9CB4 /* PBXTargetDependency */,
			);
			name = SwiftCompilerSlowTests;
			productName = SwiftCompilerSlowTests;
			productReference = 51E33CBD1A73929C006D9CB4 /* SwiftCompilerSlowTests.xctest */;
			productType = "com.apple.product-type.bundle.unit-test";
		};
/* End PBXNativeTarget section */

/* Begin PBXProject section */
		51E33CA91A73929C006D9CB4 /* Project object */ = {
			isa = PBXProject;
			attributes = {
				LastUpgradeCheck = 0610;
				ORGANIZATIONNAME = "ServiceStack LLC";
				TargetAttributes = {
					51E33CB11A73929C006D9CB4 = {
						CreatedOnToolsVersion = 6.1.1;
					};
					51E33CBC1A73929C006D9CB4 = {
						CreatedOnToolsVersion = 6.1.1;
					};
				};
			};
			buildConfigurationList = 51E33CAC1A73929C006D9CB4 /* Build configuration list for PBXProject "SwiftCompilerSlow" */;
			compatibilityVersion = "Xcode 3.2";
			developmentRegion = English;
			hasScannedForEncodings = 0;
			knownRegions = (
				en,
			);
			mainGroup = 51E33CA81A73929C006D9CB4;
			productRefGroup = 51E33CB31A73929C006D9CB4 /* Products */;
			projectDirPath = "";
			projectRoot = "";
			targets = (
				51E33CB11A73929C006D9CB4 /* SwiftCompilerSlow */,
				51E33CBC1A73929C006D9CB4 /* SwiftCompilerSlowTests */,
			);
		};
/* End PBXProject section */

/* Begin PBXResourcesBuildPhase section */
		51E33CB01A73929C006D9CB4 /* Resources */ = {
			isa = PBXResourcesBuildPhase;
			buildActionMask = 2147483647;
			files = (
			);
			runOnlyForDeploymentPostprocessing = 0;
		};
		51E33CBB1A73929C006D9CB4 /* Resources */ = {
			isa = PBXResourcesBuildPhase;
			buildActionMask = 2147483647;
			files = (
			);
			runOnlyForDeploymentPostprocessing = 0;
		};
/* End PBXResourcesBuildPhase section */

/* Begin PBXSourcesBuildPhase section */
		51E33CAD1A73929C006D9CB4 /* Sources */ = {
			isa = PBXSourcesBuildPhase;
			buildActionMask = 2147483647;
			files = (
				51E33CCF1A7392B7006D9CB4 /* SlowExample.swift in Sources */,
			);
			runOnlyForDeploymentPostprocessing = 0;
		};
		51E33CB91A73929C006D9CB4 /* Sources */ = {
			isa = PBXSourcesBuildPhase;
			buildActionMask = 2147483647;
			files = (
				51E33CC51A73929C006D9CB4 /* SwiftCompilerSlowTests.swift in Sources */,
			);
			runOnlyForDeploymentPostprocessing = 0;
		};
/* End PBXSourcesBuildPhase section */

/* Begin PBXTargetDependency section */
		51E33CC01A73929C006D9CB4 /* PBXTargetDependency */ = {
			isa = PBXTargetDependency;
			target = 51E33CB11A73929C006D9CB4 /* SwiftCompilerSlow */;
			targetProxy = 51E33CBF1A73929C006D9CB4 /* PBXContainerItemProxy */;
		};
/* End PBXTargetDependency section */

/* Begin XCBuildConfiguration section */
		51E33CC61A73929C006D9CB4 /* Debug */ = {
			isa = XCBuildConfiguration;
			buildSettings = {
				ALWAYS_SEARCH_USER_PATHS = NO;
				CLANG_CXX_LANGUAGE_STANDARD = "gnu++0x";
				CLANG_CXX_LIBRARY = "libc++";
				CLANG_ENABLE_MODULES = YES;
				CLANG_ENABLE_OBJC_ARC = YES;
				CLANG_WARN_BOOL_CONVERSION = YES;
				CLANG_WARN_CONSTANT_CONVERSION = YES;
				CLANG_WARN_DIRECT_OBJC_ISA_USAGE = YES_ERROR;
				CLANG_WARN_EMPTY_BODY = YES;
				CLANG_WARN_ENUM_CONVERSION = YES;
				CLANG_WARN_INT_CONVERSION = YES;
				CLANG_WARN_OBJC_ROOT_CLASS = YES_ERROR;
				CLANG_WARN_UNREACHABLE_CODE = YES;
				CLANG_WARN__DUPLICATE_METHOD_MATCH = YES;
				"CODE_SIGN_IDENTITY[sdk=iphoneos*]" = "iPhone Developer";
				COPY_PHASE_STRIP = NO;
				CURRENT_PROJECT_VERSION = 1;
				ENABLE_STRICT_OBJC_MSGSEND = YES;
				GCC_C_LANGUAGE_STANDARD = gnu99;
				GCC_DYNAMIC_NO_PIC = NO;
				GCC_OPTIMIZATION_LEVEL = 0;
				GCC_PREPROCESSOR_DEFINITIONS = (
					"DEBUG=1",
					"$(inherited)",
				);
				GCC_SYMBOLS_PRIVATE_EXTERN = NO;
				GCC_WARN_64_TO_32_BIT_CONVERSION = YES;
				GCC_WARN_ABOUT_RETURN_TYPE = YES_ERROR;
				GCC_WARN_UNDECLARED_SELECTOR = YES;
				GCC_WARN_UNINITIALIZED_AUTOS = YES_AGGRESSIVE;
				GCC_WARN_UNUSED_FUNCTION = YES;
				GCC_WARN_UNUSED_VARIABLE = YES;
				IPHONEOS_DEPLOYMENT_TARGET = 8.1;
				MTL_ENABLE_DEBUG_INFO = YES;
				ONLY_ACTIVE_ARCH = YES;
				SDKROOT = iphoneos;
				SWIFT_OPTIMIZATION_LEVEL = "-Onone";
				TARGETED_DEVICE_FAMILY = "1,2";
				VERSIONING_SYSTEM = "apple-generic";
				VERSION_INFO_PREFIX = "";
			};
			name = Debug;
		};
		51E33CC71A73929C006D9CB4 /* Release */ = {
			isa = XCBuildConfiguration;
			buildSettings = {
				ALWAYS_SEARCH_USER_PATHS = NO;
				CLANG_CXX_LANGUAGE_STANDARD = "gnu++0x";
				CLANG_CXX_LIBRARY = "libc++";
				CLANG_ENABLE_MODULES = YES;
				CLANG_ENABLE_OBJC_ARC = YES;
				CLANG_WARN_BOOL_CONVERSION = YES;
				CLANG_WARN_CONSTANT_CONVERSION = YES;
				CLANG_WARN_DIRECT_OBJC_ISA_USAGE = YES_ERROR;
				CLANG_WARN_EMPTY_BODY = YES;
				CLANG_WARN_ENUM_CONVERSION = YES;
				CLANG_WARN_INT_CONVERSION = YES;
				CLANG_WARN_OBJC_ROOT_CLASS = YES_ERROR;
				CLANG_WARN_UNREACHABLE_CODE = YES;
				CLANG_WARN__DUPLICATE_METHOD_MATCH = YES;
				"CODE_SIGN_IDENTITY[sdk=iphoneos*]" = "iPhone Developer";
				COPY_PHASE_STRIP = YES;
				CURRENT_PROJECT_VERSION = 1;
				ENABLE_NS_ASSERTIONS = NO;
				ENABLE_STRICT_OBJC_MSGSEND = YES;
				GCC_C_LANGUAGE_STANDARD = gnu99;
				GCC_WARN_64_TO_32_BIT_CONVERSION = YES;
				GCC_WARN_ABOUT_RETURN_TYPE = YES_ERROR;
				GCC_WARN_UNDECLARED_SELECTOR = YES;
				GCC_WARN_UNINITIALIZED_AUTOS = YES_AGGRESSIVE;
				GCC_WARN_UNUSED_FUNCTION = YES;
				GCC_WARN_UNUSED_VARIABLE = YES;
				IPHONEOS_DEPLOYMENT_TARGET = 8.1;
				MTL_ENABLE_DEBUG_INFO = NO;
				SDKROOT = iphoneos;
				TARGETED_DEVICE_FAMILY = "1,2";
				VALIDATE_PRODUCT = YES;
				VERSIONING_SYSTEM = "apple-generic";
				VERSION_INFO_PREFIX = "";
			};
			name = Release;
		};
		51E33CC91A73929C006D9CB4 /* Debug */ = {
			isa = XCBuildConfiguration;
			buildSettings = {
				CLANG_ENABLE_MODULES = YES;
				DEFINES_MODULE = YES;
				DYLIB_COMPATIBILITY_VERSION = 1;
				DYLIB_CURRENT_VERSION = 1;
				DYLIB_INSTALL_NAME_BASE = "@rpath";
				INFOPLIST_FILE = SwiftCompilerSlow/Info.plist;
				INSTALL_PATH = "$(LOCAL_LIBRARY_DIR)/Frameworks";
				LD_RUNPATH_SEARCH_PATHS = "$(inherited) @executable_path/Frameworks @loader_path/Frameworks";
				PRODUCT_NAME = "$(TARGET_NAME)";
				SKIP_INSTALL = YES;
				SWIFT_OPTIMIZATION_LEVEL = "-Onone";
			};
			name = Debug;
		};
		51E33CCA1A73929C006D9CB4 /* Release */ = {
			isa = XCBuildConfiguration;
			buildSettings = {
				CLANG_ENABLE_MODULES = YES;
				DEFINES_MODULE = YES;
				DYLIB_COMPATIBILITY_VERSION = 1;
				DYLIB_CURRENT_VERSION = 1;
				DYLIB_INSTALL_NAME_BASE = "@rpath";
				INFOPLIST_FILE = SwiftCompilerSlow/Info.plist;
				INSTALL_PATH = "$(LOCAL_LIBRARY_DIR)/Frameworks";
				LD_RUNPATH_SEARCH_PATHS = "$(inherited) @executable_path/Frameworks @loader_path/Frameworks";
				PRODUCT_NAME = "$(TARGET_NAME)";
				SKIP_INSTALL = YES;
			};
			name = Release;
		};
		51E33CCC1A73929C006D9CB4 /* Debug */ = {
			isa = XCBuildConfiguration;
			buildSettings = {
				FRAMEWORK_SEARCH_PATHS = (
					"$(SDKROOT)/Developer/Library/Frameworks",
					"$(inherited)",
				);
				GCC_PREPROCESSOR_DEFINITIONS = (
					"DEBUG=1",
					"$(inherited)",
				);
				INFOPLIST_FILE = SwiftCompilerSlowTests/Info.plist;
				LD_RUNPATH_SEARCH_PATHS = "$(inherited) @executable_path/Frameworks @loader_path/Frameworks";
				PRODUCT_NAME = "$(TARGET_NAME)";
			};
			name = Debug;
		};
		51E33CCD1A73929C006D9CB4 /* Release */ = {
			isa = XCBuildConfiguration;
			buildSettings = {
				FRAMEWORK_SEARCH_PATHS = (
					"$(SDKROOT)/Developer/Library/Frameworks",
					"$(inherited)",
				);
				INFOPLIST_FILE = SwiftCompilerSlowTests/Info.plist;
				LD_RUNPATH_SEARCH_PATHS = "$(inherited) @executable_path/Frameworks @loader_path/Frameworks";
				PRODUCT_NAME = "$(TARGET_NAME)";
			};
			name = Release;
		};
/* End XCBuildConfiguration section */

/* Begin XCConfigurationList section */
		51E33CAC1A73929C006D9CB4 /* Build configuration list for PBXProject "SwiftCompilerSlow" */ = {
			isa = XCConfigurationList;
			buildConfigurations = (
				51E33CC61A73929C006D9CB4 /* Debug */,
				51E33CC71A73929C006D9CB4 /* Release */,
			);
			defaultConfigurationIsVisible = 0;
			defaultConfigurationName = Release;
		};
		51E33CC81A73929C006D9CB4 /* Build configuration list for PBXNativeTarget "SwiftCompilerSlow" */ = {
			isa = XCConfigurationList;
			buildConfigurations = (
				51E33CC91A73929C006D9CB4 /* Debug */,
				51E33CCA1A73929C006D9CB4 /* Release */,
			);
			defaultConfigurationIsVisible = 0;
		};
		51E33CCB1A73929C006D9CB4 /* Build configuration list for PBXNativeTarget "SwiftCompilerSlowTests" */ = {
			isa = XCConfigurationList;
			buildConfigurations = (
				51E33CCC1A73929C006D9CB4 /* Debug */,
				51E33CCD1A73929C006D9CB4 /* Release */,
			);
			defaultConfigurationIsVisible = 0;
		};
/* End XCConfigurationList section */
	};
	rootObject = 51E33CA91A73929C006D9CB4 /* Project object */;
}
